
Microsoft Visual Studio Solution File, Format Version 12.00
# Visual Studio Version 16
VisualStudioVersion = 16.0.29806.167
MinimumVisualStudioVersion = 10.0.40219.1
Project("{9A19103F-16F7-4668-BE54-9A1E7A4F7556}") = "KMS.Product.Ktm.Api", "Cloud\KMS.Product.Ktm.Api\KMS.Product.Ktm.Api.csproj", "{A1D0358A-09B8-4B37-8D31-945F87E94212}"
EndProject
Project("{2150E333-8FDC-42A3-9474-1A3956D46DE8}") = "Cloud", "Cloud", "{8C15EB21-B264-419D-8BC7-B8A23753DDE9}"
EndProject
Project("{2150E333-8FDC-42A3-9474-1A3956D46DE8}") = "BuildingBlock", "BuildingBlock", "{F19B8D85-239B-4FF4-9390-CEE2032A178E}"
EndProject
Project("{2150E333-8FDC-42A3-9474-1A3956D46DE8}") = "Domain", "Domain", "{730325A8-DAF8-4333-9375-E1294D128DC5}"
EndProject
Project("{2150E333-8FDC-42A3-9474-1A3956D46DE8}") = "Test", "Test", "{A224E370-3446-4B95-9A3B-437DAC8202C7}"
EndProject
Project("{2150E333-8FDC-42A3-9474-1A3956D46DE8}") = "Infrastructure", "Infrastructure", "{E8267716-D7A1-49D1-9437-95E5F587B9DC}"
EndProject
Project("{9A19103F-16F7-4668-BE54-9A1E7A4F7556}") = "KMS.Product.Ktm.Entities", "Domain\KMS.Product.Ktm.Entities\KMS.Product.Ktm.Entities.csproj", "{736BD41C-FDD6-4ECB-A193-E7D11F2357AA}"
EndProject
Project("{9A19103F-16F7-4668-BE54-9A1E7A4F7556}") = "KMS.Product.Ktm.Common", "Infrastructure\KMS.Product.Ktm.Common\KMS.Product.Ktm.Common.csproj", "{3DAC3612-F64C-4084-8179-55E6211FA42F}"
EndProject
Project("{9A19103F-16F7-4668-BE54-9A1E7A4F7556}") = "KMS.Product.Ktm.Repository", "Infrastructure\KMS.Product.Ktm.Repository\KMS.Product.Ktm.Repository.csproj", "{42F75804-0D79-4A00-BCAD-C2BBA63D4583}"
EndProject
Project("{9A19103F-16F7-4668-BE54-9A1E7A4F7556}") = "KMS.Product.Ktm.Utilities", "Infrastructure\KMS.Product.Ktm.Utilities\KMS.Product.Ktm.Utilities.csproj", "{F3AF89FB-8C06-4414-9741-5F8C950DC6AD}"
EndProject
Project("{9A19103F-16F7-4668-BE54-9A1E7A4F7556}") = "KMS.Product.Ktm.Api.Test", "Test\KMS.Product.Ktm.Api.Test\KMS.Product.Ktm.Api.Test.csproj", "{8B26AA80-A8E1-4041-83EF-111648FE0E37}"
EndProject
Project("{9A19103F-16F7-4668-BE54-9A1E7A4F7556}") = "KMS.Product.Ktm.Services.Test", "Test\KMS.Product.Ktm.Services.Test\KMS.Product.Ktm.Services.Test.csproj", "{E919908D-B62A-4479-8DB7-D513F5F5EBA6}"
EndProject
Project("{9A19103F-16F7-4668-BE54-9A1E7A4F7556}") = "KMS.Product.Ktm.Services", "Domain\KMS.Product.Ktm.Services\KMS.Product.Ktm.Services.csproj", "{8D59DC4E-4434-4CC4-ABFF-7E7191CD589E}"
EndProject
Project("{FAE04EC0-301F-11D3-BF4B-00C04F79EFBC}") = "KMS.Product.Ktm.KudosReceiver", "Cloud\KMS.Product.Ktm.KudosReceiver\KMS.Product.Ktm.KudosReceiver.csproj", "{D4470FF3-5676-4DA8-83A3-75CD722FD48D}"
EndProject
Global
	GlobalSection(SolutionConfigurationPlatforms) = preSolution
		Debug|Any CPU = Debug|Any CPU
		Release|Any CPU = Release|Any CPU
	EndGlobalSection
	GlobalSection(ProjectConfigurationPlatforms) = postSolution
		{A1D0358A-09B8-4B37-8D31-945F87E94212}.Debug|Any CPU.ActiveCfg = Debug|Any CPU
		{A1D0358A-09B8-4B37-8D31-945F87E94212}.Debug|Any CPU.Build.0 = Debug|Any CPU
		{A1D0358A-09B8-4B37-8D31-945F87E94212}.Release|Any CPU.ActiveCfg = Release|Any CPU
		{A1D0358A-09B8-4B37-8D31-945F87E94212}.Release|Any CPU.Build.0 = Release|Any CPU
		{736BD41C-FDD6-4ECB-A193-E7D11F2357AA}.Debug|Any CPU.ActiveCfg = Debug|Any CPU
		{736BD41C-FDD6-4ECB-A193-E7D11F2357AA}.Debug|Any CPU.Build.0 = Debug|Any CPU
		{736BD41C-FDD6-4ECB-A193-E7D11F2357AA}.Release|Any CPU.ActiveCfg = Release|Any CPU
		{736BD41C-FDD6-4ECB-A193-E7D11F2357AA}.Release|Any CPU.Build.0 = Release|Any CPU
		{3DAC3612-F64C-4084-8179-55E6211FA42F}.Debug|Any CPU.ActiveCfg = Debug|Any CPU
		{3DAC3612-F64C-4084-8179-55E6211FA42F}.Debug|Any CPU.Build.0 = Debug|Any CPU
		{3DAC3612-F64C-4084-8179-55E6211FA42F}.Release|Any CPU.ActiveCfg = Release|Any CPU
		{3DAC3612-F64C-4084-8179-55E6211FA42F}.Release|Any CPU.Build.0 = Release|Any CPU
		{42F75804-0D79-4A00-BCAD-C2BBA63D4583}.Debug|Any CPU.ActiveCfg = Debug|Any CPU
		{42F75804-0D79-4A00-BCAD-C2BBA63D4583}.Debug|Any CPU.Build.0 = Debug|Any CPU
		{42F75804-0D79-4A00-BCAD-C2BBA63D4583}.Release|Any CPU.ActiveCfg = Release|Any CPU
		{42F75804-0D79-4A00-BCAD-C2BBA63D4583}.Release|Any CPU.Build.0 = Release|Any CPU
		{F3AF89FB-8C06-4414-9741-5F8C950DC6AD}.Debug|Any CPU.ActiveCfg = Debug|Any CPU
		{F3AF89FB-8C06-4414-9741-5F8C950DC6AD}.Debug|Any CPU.Build.0 = Debug|Any CPU
		{F3AF89FB-8C06-4414-9741-5F8C950DC6AD}.Release|Any CPU.ActiveCfg = Release|Any CPU
		{F3AF89FB-8C06-4414-9741-5F8C950DC6AD}.Release|Any CPU.Build.0 = Release|Any CPU
		{8B26AA80-A8E1-4041-83EF-111648FE0E37}.Debug|Any CPU.ActiveCfg = Debug|Any CPU
		{8B26AA80-A8E1-4041-83EF-111648FE0E37}.Debug|Any CPU.Build.0 = Debug|Any CPU
		{8B26AA80-A8E1-4041-83EF-111648FE0E37}.Release|Any CPU.ActiveCfg = Release|Any CPU
		{8B26AA80-A8E1-4041-83EF-111648FE0E37}.Release|Any CPU.Build.0 = Release|Any CPU
		{E919908D-B62A-4479-8DB7-D513F5F5EBA6}.Debug|Any CPU.ActiveCfg = Debug|Any CPU
		{E919908D-B62A-4479-8DB7-D513F5F5EBA6}.Debug|Any CPU.Build.0 = Debug|Any CPU
		{E919908D-B62A-4479-8DB7-D513F5F5EBA6}.Release|Any CPU.ActiveCfg = Release|Any CPU
		{E919908D-B62A-4479-8DB7-D513F5F5EBA6}.Release|Any CPU.Build.0 = Release|Any CPU
		{8D59DC4E-4434-4CC4-ABFF-7E7191CD589E}.Debug|Any CPU.ActiveCfg = Debug|Any CPU
		{8D59DC4E-4434-4CC4-ABFF-7E7191CD589E}.Debug|Any CPU.Build.0 = Debug|Any CPU
		{8D59DC4E-4434-4CC4-ABFF-7E7191CD589E}.Release|Any CPU.ActiveCfg = Release|Any CPU
		{8D59DC4E-4434-4CC4-ABFF-7E7191CD589E}.Release|Any CPU.Build.0 = Release|Any CPU
		{D4470FF3-5676-4DA8-83A3-75CD722FD48D}.Debug|Any CPU.ActiveCfg = Debug|Any CPU
		{D4470FF3-5676-4DA8-83A3-75CD722FD48D}.Debug|Any CPU.Build.0 = Debug|Any CPU
		{D4470FF3-5676-4DA8-83A3-75CD722FD48D}.Release|Any CPU.ActiveCfg = Release|Any CPU
		{D4470FF3-5676-4DA8-83A3-75CD722FD48D}.Release|Any CPU.Build.0 = Release|Any CPU
	EndGlobalSection
	GlobalSection(SolutionProperties) = preSolution
		HideSolutionNode = FALSE
	EndGlobalSection
	GlobalSection(NestedProjects) = preSolution
		{A1D0358A-09B8-4B37-8D31-945F87E94212} = {8C15EB21-B264-419D-8BC7-B8A23753DDE9}
		{736BD41C-FDD6-4ECB-A193-E7D11F2357AA} = {730325A8-DAF8-4333-9375-E1294D128DC5}
		{3DAC3612-F64C-4084-8179-55E6211FA42F} = {E8267716-D7A1-49D1-9437-95E5F587B9DC}
		{42F75804-0D79-4A00-BCAD-C2BBA63D4583} = {E8267716-D7A1-49D1-9437-95E5F587B9DC}
		{F3AF89FB-8C06-4414-9741-5F8C950DC6AD} = {E8267716-D7A1-49D1-9437-95E5F587B9DC}
		{8B26AA80-A8E1-4041-83EF-111648FE0E37} = {A224E370-3446-4B95-9A3B-437DAC8202C7}
		{E919908D-B62A-4479-8DB7-D513F5F5EBA6} = {A224E370-3446-4B95-9A3B-437DAC8202C7}
		{8D59DC4E-4434-4CC4-ABFF-7E7191CD589E} = {730325A8-DAF8-4333-9375-E1294D128DC5}
		{D4470FF3-5676-4DA8-83A3-75CD722FD48D} = {8C15EB21-B264-419D-8BC7-B8A23753DDE9}
	EndGlobalSection
	GlobalSection(ExtensibilityGlobals) = postSolution
		SolutionGuid = {5C834F6B-E77B-4DB7-9765-9FDBF01046DC}
	EndGlobalSection
EndGlobal
